// !$*UTF8*$!
{
	archiveVersion = 1;
	classes = {
	};
	objectVersion = 46;
	objects = {

/* Begin PBXBuildFile section */
		0E92C3372A62BF6E88FBCE65 /* libPods-LWZComponents_Tests.a in Frameworks */ = {isa = PBXBuildFile; fileRef = 72EB7D5216733E35112A5649 /* libPods-LWZComponents_Tests.a */; };
		6003F58E195388D20070C39A /* Foundation.framework in Frameworks */ = {isa = PBXBuildFile; fileRef = 6003F58D195388D20070C39A /* Foundation.framework */; };
		6003F590195388D20070C39A /* CoreGraphics.framework in Frameworks */ = {isa = PBXBuildFile; fileRef = 6003F58F195388D20070C39A /* CoreGraphics.framework */; };
		6003F592195388D20070C39A /* UIKit.framework in Frameworks */ = {isa = PBXBuildFile; fileRef = 6003F591195388D20070C39A /* UIKit.framework */; };
		6003F598195388D20070C39A /* InfoPlist.strings in Resources */ = {isa = PBXBuildFile; fileRef = 6003F596195388D20070C39A /* InfoPlist.strings */; };
		6003F59A195388D20070C39A /* main.m in Sources */ = {isa = PBXBuildFile; fileRef = 6003F599195388D20070C39A /* main.m */; };
		6003F59E195388D20070C39A /* LWZAppDelegate.m in Sources */ = {isa = PBXBuildFile; fileRef = 6003F59D195388D20070C39A /* LWZAppDelegate.m */; };
		6003F5A7195388D20070C39A /* LWZViewController.m in Sources */ = {isa = PBXBuildFile; fileRef = 6003F5A6195388D20070C39A /* LWZViewController.m */; };
		6003F5A9195388D20070C39A /* Images.xcassets in Resources */ = {isa = PBXBuildFile; fileRef = 6003F5A8195388D20070C39A /* Images.xcassets */; };
		6003F5B0195388D20070C39A /* XCTest.framework in Frameworks */ = {isa = PBXBuildFile; fileRef = 6003F5AF195388D20070C39A /* XCTest.framework */; };
		6003F5B1195388D20070C39A /* Foundation.framework in Frameworks */ = {isa = PBXBuildFile; fileRef = 6003F58D195388D20070C39A /* Foundation.framework */; };
		6003F5B2195388D20070C39A /* UIKit.framework in Frameworks */ = {isa = PBXBuildFile; fileRef = 6003F591195388D20070C39A /* UIKit.framework */; };
		6003F5BA195388D20070C39A /* InfoPlist.strings in Resources */ = {isa = PBXBuildFile; fileRef = 6003F5B8195388D20070C39A /* InfoPlist.strings */; };
		6003F5BC195388D20070C39A /* Tests.m in Sources */ = {isa = PBXBuildFile; fileRef = 6003F5BB195388D20070C39A /* Tests.m */; };
		71719F9F1E33DC2100824A3D /* LaunchScreen.storyboard in Resources */ = {isa = PBXBuildFile; fileRef = 71719F9D1E33DC2100824A3D /* LaunchScreen.storyboard */; };
		873B8AEB1B1F5CCA007FD442 /* Main.storyboard in Resources */ = {isa = PBXBuildFile; fileRef = 873B8AEA1B1F5CCA007FD442 /* Main.storyboard */; };
		A66AFDEF277734170024BBC9 /* TLTemplateLayoutViewController.m in Sources */ = {isa = PBXBuildFile; fileRef = A66AFD85277734160024BBC9 /* TLTemplateLayoutViewController.m */; };
		A66AFDF0277734170024BBC9 /* WFLCollectionProvider.m in Sources */ = {isa = PBXBuildFile; fileRef = A66AFD8A277734160024BBC9 /* WFLCollectionProvider.m */; };
		A66AFDF1277734170024BBC9 /* WFLCollectionViewCell.xib in Resources */ = {isa = PBXBuildFile; fileRef = A66AFD8C277734160024BBC9 /* WFLCollectionViewCell.xib */; };
		A66AFDF2277734170024BBC9 /* WFLCollectionItem.m in Sources */ = {isa = PBXBuildFile; fileRef = A66AFD8E277734160024BBC9 /* WFLCollectionItem.m */; };
		A66AFDF3277734170024BBC9 /* WFLCollectionViewCell.m in Sources */ = {isa = PBXBuildFile; fileRef = A66AFD90277734160024BBC9 /* WFLCollectionViewCell.m */; };
		A66AFDF4277734170024BBC9 /* WFLModel.m in Sources */ = {isa = PBXBuildFile; fileRef = A66AFD92277734160024BBC9 /* WFLModel.m */; };
		A66AFDF5277734170024BBC9 /* WFLModelJsonData.json in Resources */ = {isa = PBXBuildFile; fileRef = A66AFD95277734160024BBC9 /* WFLModelJsonData.json */; };
		A66AFDF6277734170024BBC9 /* WFLModelProvider.m in Sources */ = {isa = PBXBuildFile; fileRef = A66AFD96277734160024BBC9 /* WFLModelProvider.m */; };
		A66AFDF7277734170024BBC9 /* WFWaterfallFlowLayoutViewController.m in Sources */ = {isa = PBXBuildFile; fileRef = A66AFD97277734160024BBC9 /* WFWaterfallFlowLayoutViewController.m */; };
		A66AFDF8277734170024BBC9 /* RLCollectionProvider.m in Sources */ = {isa = PBXBuildFile; fileRef = A66AFD9B277734160024BBC9 /* RLCollectionProvider.m */; };
		A66AFDF9277734170024BBC9 /* RLCollectionTextCell.xib in Resources */ = {isa = PBXBuildFile; fileRef = A66AFD9D277734160024BBC9 /* RLCollectionTextCell.xib */; };
		A66AFDFA277734170024BBC9 /* RLCollectionTextItem.m in Sources */ = {isa = PBXBuildFile; fileRef = A66AFDA0277734160024BBC9 /* RLCollectionTextItem.m */; };
		A66AFDFB277734170024BBC9 /* RLCollectionTextCell.m in Sources */ = {isa = PBXBuildFile; fileRef = A66AFDA1277734160024BBC9 /* RLCollectionTextCell.m */; };
		A66AFDFC277734170024BBC9 /* RLModel.m in Sources */ = {isa = PBXBuildFile; fileRef = A66AFDA3277734160024BBC9 /* RLModel.m */; };
		A66AFDFD277734170024BBC9 /* RLModelJsonData.json in Resources */ = {isa = PBXBuildFile; fileRef = A66AFDA5277734160024BBC9 /* RLModelJsonData.json */; };
		A66AFDFE277734170024BBC9 /* RLModelProvider.m in Sources */ = {isa = PBXBuildFile; fileRef = A66AFDA6277734160024BBC9 /* RLModelProvider.m */; };
		A66AFDFF277734170024BBC9 /* RLRestrictedLayoutViewController.m in Sources */ = {isa = PBXBuildFile; fileRef = A66AFDA9277734160024BBC9 /* RLRestrictedLayoutViewController.m */; };
		A66AFE00277734170024BBC9 /* LWZTextLayoutSize.m in Sources */ = {isa = PBXBuildFile; fileRef = A66AFDAC277734160024BBC9 /* LWZTextLayoutSize.m */; };
		A66AFE01277734170024BBC9 /* LWZImageView.m in Sources */ = {isa = PBXBuildFile; fileRef = A66AFDAF277734160024BBC9 /* LWZImageView.m */; };
		A66AFE02277734170024BBC9 /* LWZLabel.m in Sources */ = {isa = PBXBuildFile; fileRef = A66AFDB0277734160024BBC9 /* LWZLabel.m */; };
		A66AFE03277734170024BBC9 /* MLCollectionProvider.m in Sources */ = {isa = PBXBuildFile; fileRef = A66AFDB5277734170024BBC9 /* MLCollectionProvider.m */; };
		A66AFE04277734170024BBC9 /* MLModelProvider.m in Sources */ = {isa = PBXBuildFile; fileRef = A66AFDB9277734170024BBC9 /* MLModelProvider.m */; };
		A66AFE05277734170024BBC9 /* MLModel.m in Sources */ = {isa = PBXBuildFile; fileRef = A66AFDBA277734170024BBC9 /* MLModel.m */; };
		A66AFE06277734170024BBC9 /* MLMultipleLayoutViewController.m in Sources */ = {isa = PBXBuildFile; fileRef = A66AFDBC277734170024BBC9 /* MLMultipleLayoutViewController.m */; };
		A66AFE07277734170024BBC9 /* LLCollectionProvider.m in Sources */ = {isa = PBXBuildFile; fileRef = A66AFDC1277734170024BBC9 /* LLCollectionProvider.m */; };
		A66AFE08277734170024BBC9 /* LLCollectionItem.m in Sources */ = {isa = PBXBuildFile; fileRef = A66AFDC3277734170024BBC9 /* LLCollectionItem.m */; };
		A66AFE09277734170024BBC9 /* LLListLayoutViewController.m in Sources */ = {isa = PBXBuildFile; fileRef = A66AFDC5277734170024BBC9 /* LLListLayoutViewController.m */; };
		A66AFE0A277734170024BBC9 /* CLCollectionItem.m in Sources */ = {isa = PBXBuildFile; fileRef = A66AFDCB277734170024BBC9 /* CLCollectionItem.m */; };
		A66AFE0B277734170024BBC9 /* CLCollectionProvider.m in Sources */ = {isa = PBXBuildFile; fileRef = A66AFDCD277734170024BBC9 /* CLCollectionProvider.m */; };
		A66AFE0C277734170024BBC9 /* CLCompositionalLayoutViewController.m in Sources */ = {isa = PBXBuildFile; fileRef = A66AFDCE277734170024BBC9 /* CLCompositionalLayoutViewController.m */; };
		A66AFE0D277734170024BBC9 /* WLCollectionPostVideoLayoutCell.m in Sources */ = {isa = PBXBuildFile; fileRef = A66AFDD4277734170024BBC9 /* WLCollectionPostVideoLayoutCell.m */; };
		A66AFE0E277734170024BBC9 /* WLCollectionUserItem.m in Sources */ = {isa = PBXBuildFile; fileRef = A66AFDD5277734170024BBC9 /* WLCollectionUserItem.m */; };
		A66AFE0F277734170024BBC9 /* WLCollectionPostImageLayoutCell.xib in Resources */ = {isa = PBXBuildFile; fileRef = A66AFDD6277734170024BBC9 /* WLCollectionPostImageLayoutCell.xib */; };
		A66AFE10277734170024BBC9 /* WLCollectionPostVideoLayoutCell.xib in Resources */ = {isa = PBXBuildFile; fileRef = A66AFDD8277734170024BBC9 /* WLCollectionPostVideoLayoutCell.xib */; };
		A66AFE11277734170024BBC9 /* WLCollectionPostImageLayoutCell.m in Sources */ = {isa = PBXBuildFile; fileRef = A66AFDDD277734170024BBC9 /* WLCollectionPostImageLayoutCell.m */; };
		A66AFE12277734170024BBC9 /* WLCollectionUserCell.xib in Resources */ = {isa = PBXBuildFile; fileRef = A66AFDDE277734170024BBC9 /* WLCollectionUserCell.xib */; };
		A66AFE13277734170024BBC9 /* WLCollectionUserCell.m in Sources */ = {isa = PBXBuildFile; fileRef = A66AFDDF277734170024BBC9 /* WLCollectionUserCell.m */; };
		A66AFE14277734170024BBC9 /* WLCollectionPostItem.m in Sources */ = {isa = PBXBuildFile; fileRef = A66AFDE0277734170024BBC9 /* WLCollectionPostItem.m */; };
		A66AFE15277734170024BBC9 /* WLCollectionProvider.m in Sources */ = {isa = PBXBuildFile; fileRef = A66AFDE1277734170024BBC9 /* WLCollectionProvider.m */; };
		A66AFE16277734170024BBC9 /* WLModelJsonData.json in Resources */ = {isa = PBXBuildFile; fileRef = A66AFDE5277734170024BBC9 /* WLModelJsonData.json */; };
		A66AFE17277734170024BBC9 /* WLModelProvider.m in Sources */ = {isa = PBXBuildFile; fileRef = A66AFDE6277734170024BBC9 /* WLModelProvider.m */; };
		A66AFE18277734170024BBC9 /* WLModel.m in Sources */ = {isa = PBXBuildFile; fileRef = A66AFDE7277734170024BBC9 /* WLModel.m */; };
		A66AFE19277734170024BBC9 /* WLCollectionSectionHeaderFooterView.m in Sources */ = {isa = PBXBuildFile; fileRef = A66AFDEA277734170024BBC9 /* WLCollectionSectionHeaderFooterView.m */; };
		A66AFE1A277734170024BBC9 /* WLCollectionSectionHeaderFooter.m in Sources */ = {isa = PBXBuildFile; fileRef = A66AFDEB277734170024BBC9 /* WLCollectionSectionHeaderFooter.m */; };
		A66AFE1B277734170024BBC9 /* WLCollectionSectionHeaderFooterView.xib in Resources */ = {isa = PBXBuildFile; fileRef = A66AFDED277734170024BBC9 /* WLCollectionSectionHeaderFooterView.xib */; };
		A66AFE1C277734170024BBC9 /* WLWeightLayoutDemoViewController.m in Sources */ = {isa = PBXBuildFile; fileRef = A66AFDEE277734170024BBC9 /* WLWeightLayoutDemoViewController.m */; };
		A6B4847E2817CF9D003EDFFC /* UIScrollView+LWZRefreshAdditions.m in Sources */ = {isa = PBXBuildFile; fileRef = A6B4847C2817CF9D003EDFFC /* UIScrollView+LWZRefreshAdditions.m */; };
		FD21647DBE6318D6EA355EE1 /* libPods-LWZComponents_Example.a in Frameworks */ = {isa = PBXBuildFile; fileRef = 4EE6FB63518A3F11D90DC843 /* libPods-LWZComponents_Example.a */; };
/* End PBXBuildFile section */

/* Begin PBXContainerItemProxy section */
		6003F5B3195388D20070C39A /* PBXContainerItemProxy */ = {
			isa = PBXContainerItemProxy;
			containerPortal = 6003F582195388D10070C39A /* Project object */;
			proxyType = 1;
			remoteGlobalIDString = 6003F589195388D20070C39A;
			remoteInfo = LWZComponents;
		};
/* End PBXContainerItemProxy section */

/* Begin PBXFileReference section */
		03654E61B4F2BE1A4EBA8EE6 /* Pods-LWZComponents_Example.release.xcconfig */ = {isa = PBXFileReference; includeInIndex = 1; lastKnownFileType = text.xcconfig; name = "Pods-LWZComponents_Example.release.xcconfig"; path = "Target Support Files/Pods-LWZComponents_Example/Pods-LWZComponents_Example.release.xcconfig"; sourceTree = "<group>"; };
		111A7FA169DD6AA83FBFB94B /* Pods-LWZComponents_Tests.release.xcconfig */ = {isa = PBXFileReference; includeInIndex = 1; lastKnownFileType = text.xcconfig; name = "Pods-LWZComponents_Tests.release.xcconfig"; path = "Target Support Files/Pods-LWZComponents_Tests/Pods-LWZComponents_Tests.release.xcconfig"; sourceTree = "<group>"; };
		14A00C00CD2642970C780976 /* Pods-LWZComponents_Example.debug.xcconfig */ = {isa = PBXFileReference; includeInIndex = 1; lastKnownFileType = text.xcconfig; name = "Pods-LWZComponents_Example.debug.xcconfig"; path = "Target Support Files/Pods-LWZComponents_Example/Pods-LWZComponents_Example.debug.xcconfig"; sourceTree = "<group>"; };
		1A04A43BC0AEB9C7DD727FEA /* README.md */ = {isa = PBXFileReference; includeInIndex = 1; lastKnownFileType = net.daringfireball.markdown; name = README.md; path = ../README.md; sourceTree = "<group>"; };
		4EE6FB63518A3F11D90DC843 /* libPods-LWZComponents_Example.a */ = {isa = PBXFileReference; explicitFileType = archive.ar; includeInIndex = 0; path = "libPods-LWZComponents_Example.a"; sourceTree = BUILT_PRODUCTS_DIR; };
		6003F58A195388D20070C39A /* LWZComponents_Example.app */ = {isa = PBXFileReference; explicitFileType = wrapper.application; includeInIndex = 0; path = LWZComponents_Example.app; sourceTree = BUILT_PRODUCTS_DIR; };
		6003F58D195388D20070C39A /* Foundation.framework */ = {isa = PBXFileReference; lastKnownFileType = wrapper.framework; name = Foundation.framework; path = System/Library/Frameworks/Foundation.framework; sourceTree = SDKROOT; };
		6003F58F195388D20070C39A /* CoreGraphics.framework */ = {isa = PBXFileReference; lastKnownFileType = wrapper.framework; name = CoreGraphics.framework; path = System/Library/Frameworks/CoreGraphics.framework; sourceTree = SDKROOT; };
		6003F591195388D20070C39A /* UIKit.framework */ = {isa = PBXFileReference; lastKnownFileType = wrapper.framework; name = UIKit.framework; path = System/Library/Frameworks/UIKit.framework; sourceTree = SDKROOT; };
		6003F595195388D20070C39A /* LWZComponents-Info.plist */ = {isa = PBXFileReference; lastKnownFileType = text.plist.xml; path = "LWZComponents-Info.plist"; sourceTree = "<group>"; };
		6003F597195388D20070C39A /* en */ = {isa = PBXFileReference; lastKnownFileType = text.plist.strings; name = en; path = en.lproj/InfoPlist.strings; sourceTree = "<group>"; };
		6003F599195388D20070C39A /* main.m */ = {isa = PBXFileReference; lastKnownFileType = sourcecode.c.objc; path = main.m; sourceTree = "<group>"; };
		6003F59B195388D20070C39A /* LWZComponents-Prefix.pch */ = {isa = PBXFileReference; lastKnownFileType = sourcecode.c.h; path = "LWZComponents-Prefix.pch"; sourceTree = "<group>"; };
		6003F59C195388D20070C39A /* LWZAppDelegate.h */ = {isa = PBXFileReference; lastKnownFileType = sourcecode.c.h; path = LWZAppDelegate.h; sourceTree = "<group>"; };
		6003F59D195388D20070C39A /* LWZAppDelegate.m */ = {isa = PBXFileReference; lastKnownFileType = sourcecode.c.objc; path = LWZAppDelegate.m; sourceTree = "<group>"; };
		6003F5A5195388D20070C39A /* LWZViewController.h */ = {isa = PBXFileReference; lastKnownFileType = sourcecode.c.h; path = LWZViewController.h; sourceTree = "<group>"; };
		6003F5A6195388D20070C39A /* LWZViewController.m */ = {isa = PBXFileReference; lastKnownFileType = sourcecode.c.objc; path = LWZViewController.m; sourceTree = "<group>"; };
		6003F5A8195388D20070C39A /* Images.xcassets */ = {isa = PBXFileReference; lastKnownFileType = folder.assetcatalog; path = Images.xcassets; sourceTree = "<group>"; };
		6003F5AE195388D20070C39A /* LWZComponents_Tests.xctest */ = {isa = PBXFileReference; explicitFileType = wrapper.cfbundle; includeInIndex = 0; path = LWZComponents_Tests.xctest; sourceTree = BUILT_PRODUCTS_DIR; };
		6003F5AF195388D20070C39A /* XCTest.framework */ = {isa = PBXFileReference; lastKnownFileType = wrapper.framework; name = XCTest.framework; path = Library/Frameworks/XCTest.framework; sourceTree = DEVELOPER_DIR; };
		6003F5B7195388D20070C39A /* Tests-Info.plist */ = {isa = PBXFileReference; lastKnownFileType = text.plist.xml; path = "Tests-Info.plist"; sourceTree = "<group>"; };
		6003F5B9195388D20070C39A /* en */ = {isa = PBXFileReference; lastKnownFileType = text.plist.strings; name = en; path = en.lproj/InfoPlist.strings; sourceTree = "<group>"; };
		6003F5BB195388D20070C39A /* Tests.m */ = {isa = PBXFileReference; lastKnownFileType = sourcecode.c.objc; path = Tests.m; sourceTree = "<group>"; };
		606FC2411953D9B200FFA9A0 /* Tests-Prefix.pch */ = {isa = PBXFileReference; lastKnownFileType = sourcecode.c.h; path = "Tests-Prefix.pch"; sourceTree = "<group>"; };
		71719F9E1E33DC2100824A3D /* Base */ = {isa = PBXFileReference; lastKnownFileType = file.storyboard; name = Base; path = Base.lproj/LaunchScreen.storyboard; sourceTree = "<group>"; };
		72EB7D5216733E35112A5649 /* libPods-LWZComponents_Tests.a */ = {isa = PBXFileReference; explicitFileType = archive.ar; includeInIndex = 0; path = "libPods-LWZComponents_Tests.a"; sourceTree = BUILT_PRODUCTS_DIR; };
		846E3DE8B24ADF6A8421B37C /* LICENSE */ = {isa = PBXFileReference; includeInIndex = 1; lastKnownFileType = text; name = LICENSE; path = ../LICENSE; sourceTree = "<group>"; };
		873B8AEA1B1F5CCA007FD442 /* Main.storyboard */ = {isa = PBXFileReference; fileEncoding = 4; lastKnownFileType = file.storyboard; name = Main.storyboard; path = Base.lproj/Main.storyboard; sourceTree = "<group>"; };
		A66AFD85277734160024BBC9 /* TLTemplateLayoutViewController.m */ = {isa = PBXFileReference; fileEncoding = 4; lastKnownFileType = sourcecode.c.objc; path = TLTemplateLayoutViewController.m; sourceTree = "<group>"; };
		A66AFD86277734160024BBC9 /* TLTemplateLayoutViewController.h */ = {isa = PBXFileReference; fileEncoding = 4; lastKnownFileType = sourcecode.c.h; path = TLTemplateLayoutViewController.h; sourceTree = "<group>"; };
		A66AFD88277734160024BBC9 /* WFLCollectionProvider.h */ = {isa = PBXFileReference; fileEncoding = 4; lastKnownFileType = sourcecode.c.h; path = WFLCollectionProvider.h; sourceTree = "<group>"; };
		A66AFD89277734160024BBC9 /* WFWaterfallFlowLayoutViewController.h */ = {isa = PBXFileReference; fileEncoding = 4; lastKnownFileType = sourcecode.c.h; path = WFWaterfallFlowLayoutViewController.h; sourceTree = "<group>"; };
		A66AFD8A277734160024BBC9 /* WFLCollectionProvider.m */ = {isa = PBXFileReference; fileEncoding = 4; lastKnownFileType = sourcecode.c.objc; path = WFLCollectionProvider.m; sourceTree = "<group>"; };
		A66AFD8C277734160024BBC9 /* WFLCollectionViewCell.xib */ = {isa = PBXFileReference; fileEncoding = 4; lastKnownFileType = file.xib; path = WFLCollectionViewCell.xib; sourceTree = "<group>"; };
		A66AFD8D277734160024BBC9 /* WFLCollectionViewCell.h */ = {isa = PBXFileReference; fileEncoding = 4; lastKnownFileType = sourcecode.c.h; path = WFLCollectionViewCell.h; sourceTree = "<group>"; };
		A66AFD8E277734160024BBC9 /* WFLCollectionItem.m */ = {isa = PBXFileReference; fileEncoding = 4; lastKnownFileType = sourcecode.c.objc; path = WFLCollectionItem.m; sourceTree = "<group>"; };
		A66AFD8F277734160024BBC9 /* WFLCollectionItem.h */ = {isa = PBXFileReference; fileEncoding = 4; lastKnownFileType = sourcecode.c.h; path = WFLCollectionItem.h; sourceTree = "<group>"; };
		A66AFD90277734160024BBC9 /* WFLCollectionViewCell.m */ = {isa = PBXFileReference; fileEncoding = 4; lastKnownFileType = sourcecode.c.objc; path = WFLCollectionViewCell.m; sourceTree = "<group>"; };
		A66AFD92277734160024BBC9 /* WFLModel.m */ = {isa = PBXFileReference; fileEncoding = 4; lastKnownFileType = sourcecode.c.objc; path = WFLModel.m; sourceTree = "<group>"; };
		A66AFD93277734160024BBC9 /* WFLModelProvider.h */ = {isa = PBXFileReference; fileEncoding = 4; lastKnownFileType = sourcecode.c.h; path = WFLModelProvider.h; sourceTree = "<group>"; };
		A66AFD94277734160024BBC9 /* WFLModel.h */ = {isa = PBXFileReference; fileEncoding = 4; lastKnownFileType = sourcecode.c.h; path = WFLModel.h; sourceTree = "<group>"; };
		A66AFD95277734160024BBC9 /* WFLModelJsonData.json */ = {isa = PBXFileReference; fileEncoding = 4; lastKnownFileType = text.json; path = WFLModelJsonData.json; sourceTree = "<group>"; };
		A66AFD96277734160024BBC9 /* WFLModelProvider.m */ = {isa = PBXFileReference; fileEncoding = 4; lastKnownFileType = sourcecode.c.objc; path = WFLModelProvider.m; sourceTree = "<group>"; };
		A66AFD97277734160024BBC9 /* WFWaterfallFlowLayoutViewController.m */ = {isa = PBXFileReference; fileEncoding = 4; lastKnownFileType = sourcecode.c.objc; path = WFWaterfallFlowLayoutViewController.m; sourceTree = "<group>"; };
		A66AFD9A277734160024BBC9 /* RLCollectionProvider.h */ = {isa = PBXFileReference; fileEncoding = 4; lastKnownFileType = sourcecode.c.h; path = RLCollectionProvider.h; sourceTree = "<group>"; };
		A66AFD9B277734160024BBC9 /* RLCollectionProvider.m */ = {isa = PBXFileReference; fileEncoding = 4; lastKnownFileType = sourcecode.c.objc; path = RLCollectionProvider.m; sourceTree = "<group>"; };
		A66AFD9D277734160024BBC9 /* RLCollectionTextCell.xib */ = {isa = PBXFileReference; fileEncoding = 4; lastKnownFileType = file.xib; path = RLCollectionTextCell.xib; sourceTree = "<group>"; };
		A66AFD9E277734160024BBC9 /* RLCollectionTextCell.h */ = {isa = PBXFileReference; fileEncoding = 4; lastKnownFileType = sourcecode.c.h; path = RLCollectionTextCell.h; sourceTree = "<group>"; };
		A66AFD9F277734160024BBC9 /* RLCollectionTextItem.h */ = {isa = PBXFileReference; fileEncoding = 4; lastKnownFileType = sourcecode.c.h; path = RLCollectionTextItem.h; sourceTree = "<group>"; };
		A66AFDA0277734160024BBC9 /* RLCollectionTextItem.m */ = {isa = PBXFileReference; fileEncoding = 4; lastKnownFileType = sourcecode.c.objc; path = RLCollectionTextItem.m; sourceTree = "<group>"; };
		A66AFDA1277734160024BBC9 /* RLCollectionTextCell.m */ = {isa = PBXFileReference; fileEncoding = 4; lastKnownFileType = sourcecode.c.objc; path = RLCollectionTextCell.m; sourceTree = "<group>"; };
		A66AFDA3277734160024BBC9 /* RLModel.m */ = {isa = PBXFileReference; fileEncoding = 4; lastKnownFileType = sourcecode.c.objc; path = RLModel.m; sourceTree = "<group>"; };
		A66AFDA4277734160024BBC9 /* RLModelProvider.h */ = {isa = PBXFileReference; fileEncoding = 4; lastKnownFileType = sourcecode.c.h; path = RLModelProvider.h; sourceTree = "<group>"; };
		A66AFDA5277734160024BBC9 /* RLModelJsonData.json */ = {isa = PBXFileReference; fileEncoding = 4; lastKnownFileType = text.json; path = RLModelJsonData.json; sourceTree = "<group>"; };
		A66AFDA6277734160024BBC9 /* RLModelProvider.m */ = {isa = PBXFileReference; fileEncoding = 4; lastKnownFileType = sourcecode.c.objc; path = RLModelProvider.m; sourceTree = "<group>"; };
		A66AFDA7277734160024BBC9 /* RLModel.h */ = {isa = PBXFileReference; fileEncoding = 4; lastKnownFileType = sourcecode.c.h; path = RLModel.h; sourceTree = "<group>"; };
		A66AFDA8277734160024BBC9 /* RLRestrictedLayoutViewController.h */ = {isa = PBXFileReference; fileEncoding = 4; lastKnownFileType = sourcecode.c.h; path = RLRestrictedLayoutViewController.h; sourceTree = "<group>"; };
		A66AFDA9277734160024BBC9 /* RLRestrictedLayoutViewController.m */ = {isa = PBXFileReference; fileEncoding = 4; lastKnownFileType = sourcecode.c.objc; path = RLRestrictedLayoutViewController.m; sourceTree = "<group>"; };
		A66AFDAB277734160024BBC9 /* LWZImageView.h */ = {isa = PBXFileReference; fileEncoding = 4; lastKnownFileType = sourcecode.c.h; path = LWZImageView.h; sourceTree = "<group>"; };
		A66AFDAC277734160024BBC9 /* LWZTextLayoutSize.m */ = {isa = PBXFileReference; fileEncoding = 4; lastKnownFileType = sourcecode.c.objc; path = LWZTextLayoutSize.m; sourceTree = "<group>"; };
		A66AFDAD277734160024BBC9 /* LWZLabel.h */ = {isa = PBXFileReference; fileEncoding = 4; lastKnownFileType = sourcecode.c.h; path = LWZLabel.h; sourceTree = "<group>"; };
		A66AFDAE277734160024BBC9 /* LWZDependencies.h */ = {isa = PBXFileReference; fileEncoding = 4; lastKnownFileType = sourcecode.c.h; path = LWZDependencies.h; sourceTree = "<group>"; };
		A66AFDAF277734160024BBC9 /* LWZImageView.m */ = {isa = PBXFileReference; fileEncoding = 4; lastKnownFileType = sourcecode.c.objc; path = LWZImageView.m; sourceTree = "<group>"; };
		A66AFDB0277734160024BBC9 /* LWZLabel.m */ = {isa = PBXFileReference; fileEncoding = 4; lastKnownFileType = sourcecode.c.objc; path = LWZLabel.m; sourceTree = "<group>"; };
		A66AFDB1277734160024BBC9 /* LWZTextLayoutSize.h */ = {isa = PBXFileReference; fileEncoding = 4; lastKnownFileType = sourcecode.c.h; path = LWZTextLayoutSize.h; sourceTree = "<group>"; };
		A66AFDB3277734170024BBC9 /* MLMultipleLayoutViewController.h */ = {isa = PBXFileReference; fileEncoding = 4; lastKnownFileType = sourcecode.c.h; path = MLMultipleLayoutViewController.h; sourceTree = "<group>"; };
		A66AFDB5277734170024BBC9 /* MLCollectionProvider.m */ = {isa = PBXFileReference; fileEncoding = 4; lastKnownFileType = sourcecode.c.objc; path = MLCollectionProvider.m; sourceTree = "<group>"; };
		A66AFDB6277734170024BBC9 /* MLCollectionProvider.h */ = {isa = PBXFileReference; fileEncoding = 4; lastKnownFileType = sourcecode.c.h; path = MLCollectionProvider.h; sourceTree = "<group>"; };
		A66AFDB8277734170024BBC9 /* MLModel.h */ = {isa = PBXFileReference; fileEncoding = 4; lastKnownFileType = sourcecode.c.h; path = MLModel.h; sourceTree = "<group>"; };
		A66AFDB9277734170024BBC9 /* MLModelProvider.m */ = {isa = PBXFileReference; fileEncoding = 4; lastKnownFileType = sourcecode.c.objc; path = MLModelProvider.m; sourceTree = "<group>"; };
		A66AFDBA277734170024BBC9 /* MLModel.m */ = {isa = PBXFileReference; fileEncoding = 4; lastKnownFileType = sourcecode.c.objc; path = MLModel.m; sourceTree = "<group>"; };
		A66AFDBB277734170024BBC9 /* MLModelProvider.h */ = {isa = PBXFileReference; fileEncoding = 4; lastKnownFileType = sourcecode.c.h; path = MLModelProvider.h; sourceTree = "<group>"; };
		A66AFDBC277734170024BBC9 /* MLMultipleLayoutViewController.m */ = {isa = PBXFileReference; fileEncoding = 4; lastKnownFileType = sourcecode.c.objc; path = MLMultipleLayoutViewController.m; sourceTree = "<group>"; };
		A66AFDBE277734170024BBC9 /* LLListLayoutViewController.h */ = {isa = PBXFileReference; fileEncoding = 4; lastKnownFileType = sourcecode.c.h; path = LLListLayoutViewController.h; sourceTree = "<group>"; };
		A66AFDC0277734170024BBC9 /* LLCollectionProvider.h */ = {isa = PBXFileReference; fileEncoding = 4; lastKnownFileType = sourcecode.c.h; path = LLCollectionProvider.h; sourceTree = "<group>"; };
		A66AFDC1277734170024BBC9 /* LLCollectionProvider.m */ = {isa = PBXFileReference; fileEncoding = 4; lastKnownFileType = sourcecode.c.objc; path = LLCollectionProvider.m; sourceTree = "<group>"; };
		A66AFDC3277734170024BBC9 /* LLCollectionItem.m */ = {isa = PBXFileReference; fileEncoding = 4; lastKnownFileType = sourcecode.c.objc; path = LLCollectionItem.m; sourceTree = "<group>"; };
		A66AFDC4277734170024BBC9 /* LLCollectionItem.h */ = {isa = PBXFileReference; fileEncoding = 4; lastKnownFileType = sourcecode.c.h; path = LLCollectionItem.h; sourceTree = "<group>"; };
		A66AFDC5277734170024BBC9 /* LLListLayoutViewController.m */ = {isa = PBXFileReference; fileEncoding = 4; lastKnownFileType = sourcecode.c.objc; path = LLListLayoutViewController.m; sourceTree = "<group>"; };
		A66AFDC7277734170024BBC9 /* CLCompositionalLayoutViewController.h */ = {isa = PBXFileReference; fileEncoding = 4; lastKnownFileType = sourcecode.c.h; path = CLCompositionalLayoutViewController.h; sourceTree = "<group>"; };
		A66AFDC9277734170024BBC9 /* CLCollectionProvider.h */ = {isa = PBXFileReference; fileEncoding = 4; lastKnownFileType = sourcecode.c.h; path = CLCollectionProvider.h; sourceTree = "<group>"; };
		A66AFDCB277734170024BBC9 /* CLCollectionItem.m */ = {isa = PBXFileReference; fileEncoding = 4; lastKnownFileType = sourcecode.c.objc; path = CLCollectionItem.m; sourceTree = "<group>"; };
		A66AFDCC277734170024BBC9 /* CLCollectionItem.h */ = {isa = PBXFileReference; fileEncoding = 4; lastKnownFileType = sourcecode.c.h; path = CLCollectionItem.h; sourceTree = "<group>"; };
		A66AFDCD277734170024BBC9 /* CLCollectionProvider.m */ = {isa = PBXFileReference; fileEncoding = 4; lastKnownFileType = sourcecode.c.objc; path = CLCollectionProvider.m; sourceTree = "<group>"; };
		A66AFDCE277734170024BBC9 /* CLCompositionalLayoutViewController.m */ = {isa = PBXFileReference; fileEncoding = 4; lastKnownFileType = sourcecode.c.objc; path = CLCompositionalLayoutViewController.m; sourceTree = "<group>"; };
		A66AFDD0277734170024BBC9 /* WLWeightLayoutDemoViewController.h */ = {isa = PBXFileReference; fileEncoding = 4; lastKnownFileType = sourcecode.c.h; path = WLWeightLayoutDemoViewController.h; sourceTree = "<group>"; };
		A66AFDD2277734170024BBC9 /* WLCollectionProvider.h */ = {isa = PBXFileReference; fileEncoding = 4; lastKnownFileType = sourcecode.c.h; path = WLCollectionProvider.h; sourceTree = "<group>"; };
		A66AFDD4277734170024BBC9 /* WLCollectionPostVideoLayoutCell.m */ = {isa = PBXFileReference; fileEncoding = 4; lastKnownFileType = sourcecode.c.objc; path = WLCollectionPostVideoLayoutCell.m; sourceTree = "<group>"; };
		A66AFDD5277734170024BBC9 /* WLCollectionUserItem.m */ = {isa = PBXFileReference; fileEncoding = 4; lastKnownFileType = sourcecode.c.objc; path = WLCollectionUserItem.m; sourceTree = "<group>"; };
		A66AFDD6277734170024BBC9 /* WLCollectionPostImageLayoutCell.xib */ = {isa = PBXFileReference; fileEncoding = 4; lastKnownFileType = file.xib; path = WLCollectionPostImageLayoutCell.xib; sourceTree = "<group>"; };
		A66AFDD7277734170024BBC9 /* WLCollectionPostImageLayoutCell.h */ = {isa = PBXFileReference; fileEncoding = 4; lastKnownFileType = sourcecode.c.h; path = WLCollectionPostImageLayoutCell.h; sourceTree = "<group>"; };
		A66AFDD8277734170024BBC9 /* WLCollectionPostVideoLayoutCell.xib */ = {isa = PBXFileReference; fileEncoding = 4; lastKnownFileType = file.xib; path = WLCollectionPostVideoLayoutCell.xib; sourceTree = "<group>"; };
		A66AFDD9277734170024BBC9 /* WLCollectionPostItem.h */ = {isa = PBXFileReference; fileEncoding = 4; lastKnownFileType = sourcecode.c.h; path = WLCollectionPostItem.h; sourceTree = "<group>"; };
		A66AFDDA277734170024BBC9 /* WLCollectionUserCell.h */ = {isa = PBXFileReference; fileEncoding = 4; lastKnownFileType = sourcecode.c.h; path = WLCollectionUserCell.h; sourceTree = "<group>"; };
		A66AFDDB277734170024BBC9 /* WLCollectionUserItem.h */ = {isa = PBXFileReference; fileEncoding = 4; lastKnownFileType = sourcecode.c.h; path = WLCollectionUserItem.h; sourceTree = "<group>"; };
		A66AFDDC277734170024BBC9 /* WLCollectionPostVideoLayoutCell.h */ = {isa = PBXFileReference; fileEncoding = 4; lastKnownFileType = sourcecode.c.h; path = WLCollectionPostVideoLayoutCell.h; sourceTree = "<group>"; };
		A66AFDDD277734170024BBC9 /* WLCollectionPostImageLayoutCell.m */ = {isa = PBXFileReference; fileEncoding = 4; lastKnownFileType = sourcecode.c.objc; path = WLCollectionPostImageLayoutCell.m; sourceTree = "<group>"; };
		A66AFDDE277734170024BBC9 /* WLCollectionUserCell.xib */ = {isa = PBXFileReference; fileEncoding = 4; lastKnownFileType = file.xib; path = WLCollectionUserCell.xib; sourceTree = "<group>"; };
		A66AFDDF277734170024BBC9 /* WLCollectionUserCell.m */ = {isa = PBXFileReference; fileEncoding = 4; lastKnownFileType = sourcecode.c.objc; path = WLCollectionUserCell.m; sourceTree = "<group>"; };
		A66AFDE0277734170024BBC9 /* WLCollectionPostItem.m */ = {isa = PBXFileReference; fileEncoding = 4; lastKnownFileType = sourcecode.c.objc; path = WLCollectionPostItem.m; sourceTree = "<group>"; };
		A66AFDE1277734170024BBC9 /* WLCollectionProvider.m */ = {isa = PBXFileReference; fileEncoding = 4; lastKnownFileType = sourcecode.c.objc; path = WLCollectionProvider.m; sourceTree = "<group>"; };
		A66AFDE3277734170024BBC9 /* WLModelProvider.h */ = {isa = PBXFileReference; fileEncoding = 4; lastKnownFileType = sourcecode.c.h; path = WLModelProvider.h; sourceTree = "<group>"; };
		A66AFDE4277734170024BBC9 /* WLModel.h */ = {isa = PBXFileReference; fileEncoding = 4; lastKnownFileType = sourcecode.c.h; path = WLModel.h; sourceTree = "<group>"; };
		A66AFDE5277734170024BBC9 /* WLModelJsonData.json */ = {isa = PBXFileReference; fileEncoding = 4; lastKnownFileType = text.json; path = WLModelJsonData.json; sourceTree = "<group>"; };
		A66AFDE6277734170024BBC9 /* WLModelProvider.m */ = {isa = PBXFileReference; fileEncoding = 4; lastKnownFileType = sourcecode.c.objc; path = WLModelProvider.m; sourceTree = "<group>"; };
		A66AFDE7277734170024BBC9 /* WLModel.m */ = {isa = PBXFileReference; fileEncoding = 4; lastKnownFileType = sourcecode.c.objc; path = WLModel.m; sourceTree = "<group>"; };
		A66AFDE9277734170024BBC9 /* WLCollectionSectionHeaderFooter.h */ = {isa = PBXFileReference; fileEncoding = 4; lastKnownFileType = sourcecode.c.h; path = WLCollectionSectionHeaderFooter.h; sourceTree = "<group>"; };
		A66AFDEA277734170024BBC9 /* WLCollectionSectionHeaderFooterView.m */ = {isa = PBXFileReference; fileEncoding = 4; lastKnownFileType = sourcecode.c.objc; path = WLCollectionSectionHeaderFooterView.m; sourceTree = "<group>"; };
		A66AFDEB277734170024BBC9 /* WLCollectionSectionHeaderFooter.m */ = {isa = PBXFileReference; fileEncoding = 4; lastKnownFileType = sourcecode.c.objc; path = WLCollectionSectionHeaderFooter.m; sourceTree = "<group>"; };
		A66AFDEC277734170024BBC9 /* WLCollectionSectionHeaderFooterView.h */ = {isa = PBXFileReference; fileEncoding = 4; lastKnownFileType = sourcecode.c.h; path = WLCollectionSectionHeaderFooterView.h; sourceTree = "<group>"; };
		A66AFDED277734170024BBC9 /* WLCollectionSectionHeaderFooterView.xib */ = {isa = PBXFileReference; fileEncoding = 4; lastKnownFileType = file.xib; path = WLCollectionSectionHeaderFooterView.xib; sourceTree = "<group>"; };
		A66AFDEE277734170024BBC9 /* WLWeightLayoutDemoViewController.m */ = {isa = PBXFileReference; fileEncoding = 4; lastKnownFileType = sourcecode.c.objc; path = WLWeightLayoutDemoViewController.m; sourceTree = "<group>"; };
		A6B4847C2817CF9D003EDFFC /* UIScrollView+LWZRefreshAdditions.m */ = {isa = PBXFileReference; fileEncoding = 4; lastKnownFileType = sourcecode.c.objc; path = "UIScrollView+LWZRefreshAdditions.m"; sourceTree = "<group>"; };
		A6B4847D2817CF9D003EDFFC /* UIScrollView+LWZRefreshAdditions.h */ = {isa = PBXFileReference; fileEncoding = 4; lastKnownFileType = sourcecode.c.h; path = "UIScrollView+LWZRefreshAdditions.h"; sourceTree = "<group>"; };
		F38AAD362329B4862453FA0F /* LWZComponents.podspec */ = {isa = PBXFileReference; includeInIndex = 1; lastKnownFileType = text; name = LWZComponents.podspec; path = ../LWZComponents.podspec; sourceTree = "<group>"; xcLanguageSpecificationIdentifier = xcode.lang.ruby; };
		FC3B915387BE1F2E1D3F8404 /* Pods-LWZComponents_Tests.debug.xcconfig */ = {isa = PBXFileReference; includeInIndex = 1; lastKnownFileType = text.xcconfig; name = "Pods-LWZComponents_Tests.debug.xcconfig"; path = "Target Support Files/Pods-LWZComponents_Tests/Pods-LWZComponents_Tests.debug.xcconfig"; sourceTree = "<group>"; };
/* End PBXFileReference section */

/* Begin PBXFrameworksBuildPhase section */
		6003F587195388D20070C39A /* Frameworks */ = {
			isa = PBXFrameworksBuildPhase;
			buildActionMask = 2147483647;
			files = (
				6003F590195388D20070C39A /* CoreGraphics.framework in Frameworks */,
				6003F592195388D20070C39A /* UIKit.framework in Frameworks */,
				6003F58E195388D20070C39A /* Foundation.framework in Frameworks */,
				FD21647DBE6318D6EA355EE1 /* libPods-LWZComponents_Example.a in Frameworks */,
			);
			runOnlyForDeploymentPostprocessing = 0;
		};
		6003F5AB195388D20070C39A /* Frameworks */ = {
			isa = PBXFrameworksBuildPhase;
			buildActionMask = 2147483647;
			files = (
				6003F5B0195388D20070C39A /* XCTest.framework in Frameworks */,
				6003F5B2195388D20070C39A /* UIKit.framework in Frameworks */,
				6003F5B1195388D20070C39A /* Foundation.framework in Frameworks */,
				0E92C3372A62BF6E88FBCE65 /* libPods-LWZComponents_Tests.a in Frameworks */,
			);
			runOnlyForDeploymentPostprocessing = 0;
		};
/* End PBXFrameworksBuildPhase section */

/* Begin PBXGroup section */
		4BD9B55DE5AC05CA53D7AE93 /* Pods */ = {
			isa = PBXGroup;
			children = (
				14A00C00CD2642970C780976 /* Pods-LWZComponents_Example.debug.xcconfig */,
				03654E61B4F2BE1A4EBA8EE6 /* Pods-LWZComponents_Example.release.xcconfig */,
				FC3B915387BE1F2E1D3F8404 /* Pods-LWZComponents_Tests.debug.xcconfig */,
				111A7FA169DD6AA83FBFB94B /* Pods-LWZComponents_Tests.release.xcconfig */,
			);
			path = Pods;
			sourceTree = "<group>";
		};
		6003F581195388D10070C39A = {
			isa = PBXGroup;
			children = (
				60FF7A9C1954A5C5007DD14C /* Podspec Metadata */,
				6003F593195388D20070C39A /* Example for LWZComponents */,
				6003F5B5195388D20070C39A /* Tests */,
				6003F58C195388D20070C39A /* Frameworks */,
				6003F58B195388D20070C39A /* Products */,
				4BD9B55DE5AC05CA53D7AE93 /* Pods */,
			);
			sourceTree = "<group>";
		};
		6003F58B195388D20070C39A /* Products */ = {
			isa = PBXGroup;
			children = (
				6003F58A195388D20070C39A /* LWZComponents_Example.app */,
				6003F5AE195388D20070C39A /* LWZComponents_Tests.xctest */,
			);
			name = Products;
			sourceTree = "<group>";
		};
		6003F58C195388D20070C39A /* Frameworks */ = {
			isa = PBXGroup;
			children = (
				6003F58D195388D20070C39A /* Foundation.framework */,
				6003F58F195388D20070C39A /* CoreGraphics.framework */,
				6003F591195388D20070C39A /* UIKit.framework */,
				6003F5AF195388D20070C39A /* XCTest.framework */,
				4EE6FB63518A3F11D90DC843 /* libPods-LWZComponents_Example.a */,
				72EB7D5216733E35112A5649 /* libPods-LWZComponents_Tests.a */,
			);
			name = Frameworks;
			sourceTree = "<group>";
		};
		6003F593195388D20070C39A /* Example for LWZComponents */ = {
			isa = PBXGroup;
			children = (
				6003F59C195388D20070C39A /* LWZAppDelegate.h */,
				6003F59D195388D20070C39A /* LWZAppDelegate.m */,
				873B8AEA1B1F5CCA007FD442 /* Main.storyboard */,
				6003F5A5195388D20070C39A /* LWZViewController.h */,
				6003F5A6195388D20070C39A /* LWZViewController.m */,
				A66AFDAA277734160024BBC9 /* Common */,
				A66AFD83277734040024BBC9 /* CollectionDemo */,
				71719F9D1E33DC2100824A3D /* LaunchScreen.storyboard */,
				6003F5A8195388D20070C39A /* Images.xcassets */,
				6003F594195388D20070C39A /* Supporting Files */,
			);
			name = "Example for LWZComponents";
			path = LWZComponents;
			sourceTree = "<group>";
		};
		6003F594195388D20070C39A /* Supporting Files */ = {
			isa = PBXGroup;
			children = (
				6003F595195388D20070C39A /* LWZComponents-Info.plist */,
				6003F596195388D20070C39A /* InfoPlist.strings */,
				6003F599195388D20070C39A /* main.m */,
				6003F59B195388D20070C39A /* LWZComponents-Prefix.pch */,
			);
			name = "Supporting Files";
			sourceTree = "<group>";
		};
		6003F5B5195388D20070C39A /* Tests */ = {
			isa = PBXGroup;
			children = (
				6003F5BB195388D20070C39A /* Tests.m */,
				6003F5B6195388D20070C39A /* Supporting Files */,
			);
			path = Tests;
			sourceTree = "<group>";
		};
		6003F5B6195388D20070C39A /* Supporting Files */ = {
			isa = PBXGroup;
			children = (
				6003F5B7195388D20070C39A /* Tests-Info.plist */,
				6003F5B8195388D20070C39A /* InfoPlist.strings */,
				606FC2411953D9B200FFA9A0 /* Tests-Prefix.pch */,
			);
			name = "Supporting Files";
			sourceTree = "<group>";
		};
		60FF7A9C1954A5C5007DD14C /* Podspec Metadata */ = {
			isa = PBXGroup;
			children = (
				F38AAD362329B4862453FA0F /* LWZComponents.podspec */,
				1A04A43BC0AEB9C7DD727FEA /* README.md */,
				846E3DE8B24ADF6A8421B37C /* LICENSE */,
			);
			name = "Podspec Metadata";
			sourceTree = "<group>";
		};
		A66AFD83277734040024BBC9 /* CollectionDemo */ = {
			isa = PBXGroup;
			children = (
				A66AFDCF277734170024BBC9 /* WeightLayout */,
				A66AFD87277734160024BBC9 /* WaterfallFlowLayout */,
				A66AFDBD277734170024BBC9 /* ListLayout */,
				A66AFD98277734160024BBC9 /* RestrictedLayout */,
				A66AFD84277734160024BBC9 /* TempleteLayout */,
				A66AFDC6277734170024BBC9 /* CompositionalLayout */,
				A66AFDB2277734170024BBC9 /* MultipleLayout */,
			);
			name = CollectionDemo;
			sourceTree = "<group>";
		};
		A66AFD84277734160024BBC9 /* TempleteLayout */ = {
			isa = PBXGroup;
			children = (
				A66AFD86277734160024BBC9 /* TLTemplateLayoutViewController.h */,
				A66AFD85277734160024BBC9 /* TLTemplateLayoutViewController.m */,
			);
			path = TempleteLayout;
			sourceTree = "<group>";
		};
		A66AFD87277734160024BBC9 /* WaterfallFlowLayout */ = {
			isa = PBXGroup;
			children = (
				A66AFD89277734160024BBC9 /* WFWaterfallFlowLayoutViewController.h */,
				A66AFD97277734160024BBC9 /* WFWaterfallFlowLayoutViewController.m */,
				A6B48487281BBDA6003EDFFC /* View */,
				A66AFD8B277734160024BBC9 /* Item */,
				A66AFD91277734160024BBC9 /* Model */,
			);
			path = WaterfallFlowLayout;
			sourceTree = "<group>";
		};
		A66AFD8B277734160024BBC9 /* Item */ = {
			isa = PBXGroup;
			children = (
				A66AFD88277734160024BBC9 /* WFLCollectionProvider.h */,
				A66AFD8A277734160024BBC9 /* WFLCollectionProvider.m */,
				A66AFD8F277734160024BBC9 /* WFLCollectionItem.h */,
				A66AFD8E277734160024BBC9 /* WFLCollectionItem.m */,
			);
			path = Item;
			sourceTree = "<group>";
		};
		A66AFD91277734160024BBC9 /* Model */ = {
			isa = PBXGroup;
			children = (
				A66AFD93277734160024BBC9 /* WFLModelProvider.h */,
				A66AFD96277734160024BBC9 /* WFLModelProvider.m */,
				A66AFD95277734160024BBC9 /* WFLModelJsonData.json */,
				A66AFD94277734160024BBC9 /* WFLModel.h */,
				A66AFD92277734160024BBC9 /* WFLModel.m */,
			);
			path = Model;
			sourceTree = "<group>";
		};
		A66AFD98277734160024BBC9 /* RestrictedLayout */ = {
			isa = PBXGroup;
			children = (
				A66AFDA8277734160024BBC9 /* RLRestrictedLayoutViewController.h */,
				A66AFDA9277734160024BBC9 /* RLRestrictedLayoutViewController.m */,
				A6B48488281BC61F003EDFFC /* View */,
				A66AFD9C277734160024BBC9 /* Item */,
				A66AFDA2277734160024BBC9 /* Model */,
			);
			path = RestrictedLayout;
			sourceTree = "<group>";
		};
		A66AFD9C277734160024BBC9 /* Item */ = {
			isa = PBXGroup;
			children = (
				A66AFD9A277734160024BBC9 /* RLCollectionProvider.h */,
				A66AFD9B277734160024BBC9 /* RLCollectionProvider.m */,
				A66AFD9F277734160024BBC9 /* RLCollectionTextItem.h */,
				A66AFDA0277734160024BBC9 /* RLCollectionTextItem.m */,
			);
			path = Item;
			sourceTree = "<group>";
		};
		A66AFDA2277734160024BBC9 /* Model */ = {
			isa = PBXGroup;
			children = (
				A66AFDA4277734160024BBC9 /* RLModelProvider.h */,
				A66AFDA6277734160024BBC9 /* RLModelProvider.m */,
				A66AFDA5277734160024BBC9 /* RLModelJsonData.json */,
				A66AFDA7277734160024BBC9 /* RLModel.h */,
				A66AFDA3277734160024BBC9 /* RLModel.m */,
			);
			path = Model;
			sourceTree = "<group>";
		};
		A66AFDAA277734160024BBC9 /* Common */ = {
			isa = PBXGroup;
			children = (
				A66AFDAE277734160024BBC9 /* LWZDependencies.h */,
				A66AFDAB277734160024BBC9 /* LWZImageView.h */,
				A66AFDAF277734160024BBC9 /* LWZImageView.m */,
				A66AFDAD277734160024BBC9 /* LWZLabel.h */,
				A66AFDB0277734160024BBC9 /* LWZLabel.m */,
				A66AFDB1277734160024BBC9 /* LWZTextLayoutSize.h */,
				A66AFDAC277734160024BBC9 /* LWZTextLayoutSize.m */,
				A6B4847D2817CF9D003EDFFC /* UIScrollView+LWZRefreshAdditions.h */,
				A6B4847C2817CF9D003EDFFC /* UIScrollView+LWZRefreshAdditions.m */,
			);
			path = Common;
			sourceTree = "<group>";
		};
		A66AFDB2277734170024BBC9 /* MultipleLayout */ = {
			isa = PBXGroup;
			children = (
				A66AFDB3277734170024BBC9 /* MLMultipleLayoutViewController.h */,
				A66AFDBC277734170024BBC9 /* MLMultipleLayoutViewController.m */,
				A6B48489281BCC07003EDFFC /* Item */,
				A66AFDB7277734170024BBC9 /* Model */,
			);
			path = MultipleLayout;
			sourceTree = "<group>";
		};
		A66AFDB7277734170024BBC9 /* Model */ = {
			isa = PBXGroup;
			children = (
				A66AFDBB277734170024BBC9 /* MLModelProvider.h */,
				A66AFDB9277734170024BBC9 /* MLModelProvider.m */,
				A66AFDB8277734170024BBC9 /* MLModel.h */,
				A66AFDBA277734170024BBC9 /* MLModel.m */,
			);
			path = Model;
			sourceTree = "<group>";
		};
		A66AFDBD277734170024BBC9 /* ListLayout */ = {
			isa = PBXGroup;
			children = (
				A66AFDBE277734170024BBC9 /* LLListLayoutViewController.h */,
				A66AFDC5277734170024BBC9 /* LLListLayoutViewController.m */,
				A66AFDC2277734170024BBC9 /* Item */,
			);
			path = ListLayout;
			sourceTree = "<group>";
		};
		A66AFDC2277734170024BBC9 /* Item */ = {
			isa = PBXGroup;
			children = (
				A66AFDC0277734170024BBC9 /* LLCollectionProvider.h */,
				A66AFDC1277734170024BBC9 /* LLCollectionProvider.m */,
				A66AFDC3277734170024BBC9 /* LLCollectionItem.m */,
				A66AFDC4277734170024BBC9 /* LLCollectionItem.h */,
			);
			path = Item;
			sourceTree = "<group>";
		};
		A66AFDC6277734170024BBC9 /* CompositionalLayout */ = {
			isa = PBXGroup;
			children = (
				A66AFDC7277734170024BBC9 /* CLCompositionalLayoutViewController.h */,
				A66AFDCE277734170024BBC9 /* CLCompositionalLayoutViewController.m */,
				A66AFDCA277734170024BBC9 /* Item */,
			);
			path = CompositionalLayout;
			sourceTree = "<group>";
		};
		A66AFDCA277734170024BBC9 /* Item */ = {
			isa = PBXGroup;
			children = (
				A66AFDC9277734170024BBC9 /* CLCollectionProvider.h */,
				A66AFDCD277734170024BBC9 /* CLCollectionProvider.m */,
				A66AFDCC277734170024BBC9 /* CLCollectionItem.h */,
				A66AFDCB277734170024BBC9 /* CLCollectionItem.m */,
			);
			path = Item;
			sourceTree = "<group>";
		};
		A66AFDCF277734170024BBC9 /* WeightLayout */ = {
			isa = PBXGroup;
			children = (
				A66AFDD0277734170024BBC9 /* WLWeightLayoutDemoViewController.h */,
				A66AFDEE277734170024BBC9 /* WLWeightLayoutDemoViewController.m */,
				A6B4847A2817C9D5003EDFFC /* View */,
				A66AFDD3277734170024BBC9 /* Item */,
				A66AFDE2277734170024BBC9 /* Model */,
			);
			path = WeightLayout;
			sourceTree = "<group>";
		};
		A66AFDD3277734170024BBC9 /* Item */ = {
			isa = PBXGroup;
			children = (
				A66AFDD2277734170024BBC9 /* WLCollectionProvider.h */,
				A66AFDE1277734170024BBC9 /* WLCollectionProvider.m */,
				A66AFDD9277734170024BBC9 /* WLCollectionPostItem.h */,
				A66AFDE0277734170024BBC9 /* WLCollectionPostItem.m */,
				A66AFDE9277734170024BBC9 /* WLCollectionSectionHeaderFooter.h */,
				A66AFDEB277734170024BBC9 /* WLCollectionSectionHeaderFooter.m */,
				A66AFDDB277734170024BBC9 /* WLCollectionUserItem.h */,
				A66AFDD5277734170024BBC9 /* WLCollectionUserItem.m */,
			);
			path = Item;
			sourceTree = "<group>";
		};
		A66AFDE2277734170024BBC9 /* Model */ = {
			isa = PBXGroup;
			children = (
				A66AFDE4277734170024BBC9 /* WLModel.h */,
				A66AFDE7277734170024BBC9 /* WLModel.m */,
				A66AFDE5277734170024BBC9 /* WLModelJsonData.json */,
				A66AFDE3277734170024BBC9 /* WLModelProvider.h */,
				A66AFDE6277734170024BBC9 /* WLModelProvider.m */,
			);
			path = Model;
			sourceTree = "<group>";
		};
		A6B4847A2817C9D5003EDFFC /* View */ = {
			isa = PBXGroup;
			children = (
				A66AFDD7277734170024BBC9 /* WLCollectionPostImageLayoutCell.h */,
				A66AFDDD277734170024BBC9 /* WLCollectionPostImageLayoutCell.m */,
				A66AFDD6277734170024BBC9 /* WLCollectionPostImageLayoutCell.xib */,
				A66AFDDC277734170024BBC9 /* WLCollectionPostVideoLayoutCell.h */,
				A66AFDD4277734170024BBC9 /* WLCollectionPostVideoLayoutCell.m */,
				A66AFDD8277734170024BBC9 /* WLCollectionPostVideoLayoutCell.xib */,
				A66AFDEC277734170024BBC9 /* WLCollectionSectionHeaderFooterView.h */,
				A66AFDEA277734170024BBC9 /* WLCollectionSectionHeaderFooterView.m */,
				A66AFDED277734170024BBC9 /* WLCollectionSectionHeaderFooterView.xib */,
				A66AFDDA277734170024BBC9 /* WLCollectionUserCell.h */,
				A66AFDDF277734170024BBC9 /* WLCollectionUserCell.m */,
				A66AFDDE277734170024BBC9 /* WLCollectionUserCell.xib */,
			);
			path = View;
			sourceTree = "<group>";
		};
		A6B48487281BBDA6003EDFFC /* View */ = {
			isa = PBXGroup;
			children = (
				A66AFD8D277734160024BBC9 /* WFLCollectionViewCell.h */,
				A66AFD90277734160024BBC9 /* WFLCollectionViewCell.m */,
				A66AFD8C277734160024BBC9 /* WFLCollectionViewCell.xib */,
			);
			path = View;
			sourceTree = "<group>";
		};
		A6B48488281BC61F003EDFFC /* View */ = {
			isa = PBXGroup;
			children = (
				A66AFD9E277734160024BBC9 /* RLCollectionTextCell.h */,
				A66AFDA1277734160024BBC9 /* RLCollectionTextCell.m */,
				A66AFD9D277734160024BBC9 /* RLCollectionTextCell.xib */,
			);
			path = View;
			sourceTree = "<group>";
		};
		A6B48489281BCC07003EDFFC /* Item */ = {
			isa = PBXGroup;
			children = (
				A66AFDB6277734170024BBC9 /* MLCollectionProvider.h */,
				A66AFDB5277734170024BBC9 /* MLCollectionProvider.m */,
			);
			path = Item;
			sourceTree = "<group>";
		};
/* End PBXGroup section */

/* Begin PBXNativeTarget section */
		6003F589195388D20070C39A /* LWZComponents_Example */ = {
			isa = PBXNativeTarget;
			buildConfigurationList = 6003F5BF195388D20070C39A /* Build configuration list for PBXNativeTarget "LWZComponents_Example" */;
			buildPhases = (
				33515831924B611DD338FC91 /* [CP] Check Pods Manifest.lock */,
				6003F586195388D20070C39A /* Sources */,
				6003F587195388D20070C39A /* Frameworks */,
				6003F588195388D20070C39A /* Resources */,
				BA814EF65E6329044C40982F /* [CP] Copy Pods Resources */,
			);
			buildRules = (
			);
			dependencies = (
			);
			name = LWZComponents_Example;
			productName = LWZComponents;
			productReference = 6003F58A195388D20070C39A /* LWZComponents_Example.app */;
			productType = "com.apple.product-type.application";
		};
		6003F5AD195388D20070C39A /* LWZComponents_Tests */ = {
			isa = PBXNativeTarget;
			buildConfigurationList = 6003F5C2195388D20070C39A /* Build configuration list for PBXNativeTarget "LWZComponents_Tests" */;
			buildPhases = (
				BEBE6CC7A6ABDF648C475B64 /* [CP] Check Pods Manifest.lock */,
				6003F5AA195388D20070C39A /* Sources */,
				6003F5AB195388D20070C39A /* Frameworks */,
				6003F5AC195388D20070C39A /* Resources */,
			);
			buildRules = (
			);
			dependencies = (
				6003F5B4195388D20070C39A /* PBXTargetDependency */,
			);
			name = LWZComponents_Tests;
			productName = LWZComponentsTests;
			productReference = 6003F5AE195388D20070C39A /* LWZComponents_Tests.xctest */;
			productType = "com.apple.product-type.bundle.unit-test";
		};
/* End PBXNativeTarget section */

/* Begin PBXProject section */
		6003F582195388D10070C39A /* Project object */ = {
			isa = PBXProject;
			attributes = {
				CLASSPREFIX = LWZ;
				LastUpgradeCheck = 0720;
				ORGANIZATIONNAME = "changsanjiang@gmail.com";
				TargetAttributes = {
					6003F589195388D20070C39A = {
						DevelopmentTeam = DVCY355DY9;
					};
					6003F5AD195388D20070C39A = {
						TestTargetID = 6003F589195388D20070C39A;
					};
				};
			};
			buildConfigurationList = 6003F585195388D10070C39A /* Build configuration list for PBXProject "LWZComponents" */;
			compatibilityVersion = "Xcode 3.2";
			developmentRegion = English;
			hasScannedForEncodings = 0;
			knownRegions = (
				English,
				en,
				Base,
			);
			mainGroup = 6003F581195388D10070C39A;
			productRefGroup = 6003F58B195388D20070C39A /* Products */;
			projectDirPath = "";
			projectRoot = "";
			targets = (
				6003F589195388D20070C39A /* LWZComponents_Example */,
				6003F5AD195388D20070C39A /* LWZComponents_Tests */,
			);
		};
/* End PBXProject section */

/* Begin PBXResourcesBuildPhase section */
		6003F588195388D20070C39A /* Resources */ = {
			isa = PBXResourcesBuildPhase;
			buildActionMask = 2147483647;
			files = (
				873B8AEB1B1F5CCA007FD442 /* Main.storyboard in Resources */,
				A66AFE0F277734170024BBC9 /* WLCollectionPostImageLayoutCell.xib in Resources */,
				A66AFDFD277734170024BBC9 /* RLModelJsonData.json in Resources */,
				A66AFE10277734170024BBC9 /* WLCollectionPostVideoLayoutCell.xib in Resources */,
				71719F9F1E33DC2100824A3D /* LaunchScreen.storyboard in Resources */,
				6003F5A9195388D20070C39A /* Images.xcassets in Resources */,
				A66AFE16277734170024BBC9 /* WLModelJsonData.json in Resources */,
				A66AFDF5277734170024BBC9 /* WFLModelJsonData.json in Resources */,
				A66AFE12277734170024BBC9 /* WLCollectionUserCell.xib in Resources */,
				6003F598195388D20070C39A /* InfoPlist.strings in Resources */,
				A66AFE1B277734170024BBC9 /* WLCollectionSectionHeaderFooterView.xib in Resources */,
				A66AFDF9277734170024BBC9 /* RLCollectionTextCell.xib in Resources */,
				A66AFDF1277734170024BBC9 /* WFLCollectionViewCell.xib in Resources */,
			);
			runOnlyForDeploymentPostprocessing = 0;
		};
		6003F5AC195388D20070C39A /* Resources */ = {
			isa = PBXResourcesBuildPhase;
			buildActionMask = 2147483647;
			files = (
				6003F5BA195388D20070C39A /* InfoPlist.strings in Resources */,
			);
			runOnlyForDeploymentPostprocessing = 0;
		};
/* End PBXResourcesBuildPhase section */

/* Begin PBXShellScriptBuildPhase section */
		33515831924B611DD338FC91 /* [CP] Check Pods Manifest.lock */ = {
			isa = PBXShellScriptBuildPhase;
			buildActionMask = 2147483647;
			files = (
			);
			inputFileListPaths = (
			);
			inputPaths = (
				"${PODS_PODFILE_DIR_PATH}/Podfile.lock",
				"${PODS_ROOT}/Manifest.lock",
			);
			name = "[CP] Check Pods Manifest.lock";
			outputFileListPaths = (
			);
			outputPaths = (
				"$(DERIVED_FILE_DIR)/Pods-LWZComponents_Example-checkManifestLockResult.txt",
			);
			runOnlyForDeploymentPostprocessing = 0;
			shellPath = /bin/sh;
			shellScript = "diff \"${PODS_PODFILE_DIR_PATH}/Podfile.lock\" \"${PODS_ROOT}/Manifest.lock\" > /dev/null\nif [ $? != 0 ] ; then\n    # print error to STDERR\n    echo \"error: The sandbox is not in sync with the Podfile.lock. Run 'pod install' or update your CocoaPods installation.\" >&2\n    exit 1\nfi\n# This output is used by Xcode 'outputs' to avoid re-running this script phase.\necho \"SUCCESS\" > \"${SCRIPT_OUTPUT_FILE_0}\"\n";
			showEnvVarsInLog = 0;
		};
		BA814EF65E6329044C40982F /* [CP] Copy Pods Resources */ = {
			isa = PBXShellScriptBuildPhase;
			buildActionMask = 2147483647;
			files = (
			);
			inputPaths = (
				"${PODS_ROOT}/Target Support Files/Pods-LWZComponents_Example/Pods-LWZComponents_Example-resources.sh",
				"${PODS_ROOT}/MJRefresh/MJRefresh/MJRefresh.bundle",
			);
			name = "[CP] Copy Pods Resources";
			outputPaths = (
				"${TARGET_BUILD_DIR}/${UNLOCALIZED_RESOURCES_FOLDER_PATH}/MJRefresh.bundle",
			);
			runOnlyForDeploymentPostprocessing = 0;
			shellPath = /bin/sh;
			shellScript = "\"${PODS_ROOT}/Target Support Files/Pods-LWZComponents_Example/Pods-LWZComponents_Example-resources.sh\"\n";
			showEnvVarsInLog = 0;
		};
		BEBE6CC7A6ABDF648C475B64 /* [CP] Check Pods Manifest.lock */ = {
			isa = PBXShellScriptBuildPhase;
			buildActionMask = 2147483647;
			files = (
			);
			inputFileListPaths = (
			);
			inputPaths = (
				"${PODS_PODFILE_DIR_PATH}/Podfile.lock",
				"${PODS_ROOT}/Manifest.lock",
			);
			name = "[CP] Check Pods Manifest.lock";
			outputFileListPaths = (
			);
			outputPaths = (
				"$(DERIVED_FILE_DIR)/Pods-LWZComponents_Tests-checkManifestLockResult.txt",
			);
			runOnlyForDeploymentPostprocessing = 0;
			shellPath = /bin/sh;
			shellScript = "diff \"${PODS_PODFILE_DIR_PATH}/Podfile.lock\" \"${PODS_ROOT}/Manifest.lock\" > /dev/null\nif [ $? != 0 ] ; then\n    # print error to STDERR\n    echo \"error: The sandbox is not in sync with the Podfile.lock. Run 'pod install' or update your CocoaPods installation.\" >&2\n    exit 1\nfi\n# This output is used by Xcode 'outputs' to avoid re-running this script phase.\necho \"SUCCESS\" > \"${SCRIPT_OUTPUT_FILE_0}\"\n";
			showEnvVarsInLog = 0;
		};
/* End PBXShellScriptBuildPhase section */

/* Begin PBXSourcesBuildPhase section */
		6003F586195388D20070C39A /* Sources */ = {
			isa = PBXSourcesBuildPhase;
			buildActionMask = 2147483647;
			files = (
				A66AFDF3277734170024BBC9 /* WFLCollectionViewCell.m in Sources */,
				A66AFDF8277734170024BBC9 /* RLCollectionProvider.m in Sources */,
				A66AFE07277734170024BBC9 /* LLCollectionProvider.m in Sources */,
				A66AFE03277734170024BBC9 /* MLCollectionProvider.m in Sources */,
				A66AFE08277734170024BBC9 /* LLCollectionItem.m in Sources */,
				A66AFE0C277734170024BBC9 /* CLCompositionalLayoutViewController.m in Sources */,
				6003F59E195388D20070C39A /* LWZAppDelegate.m in Sources */,
				A66AFDFB277734170024BBC9 /* RLCollectionTextCell.m in Sources */,
				A66AFE0E277734170024BBC9 /* WLCollectionUserItem.m in Sources */,
				A66AFDF0277734170024BBC9 /* WFLCollectionProvider.m in Sources */,
				A66AFDF6277734170024BBC9 /* WFLModelProvider.m in Sources */,
				A66AFE18277734170024BBC9 /* WLModel.m in Sources */,
				A66AFE15277734170024BBC9 /* WLCollectionProvider.m in Sources */,
				A66AFDFA277734170024BBC9 /* RLCollectionTextItem.m in Sources */,
				A66AFE02277734170024BBC9 /* LWZLabel.m in Sources */,
				A66AFE1C277734170024BBC9 /* WLWeightLayoutDemoViewController.m in Sources */,
				A66AFE19277734170024BBC9 /* WLCollectionSectionHeaderFooterView.m in Sources */,
				A66AFE05277734170024BBC9 /* MLModel.m in Sources */,
				A66AFE0A277734170024BBC9 /* CLCollectionItem.m in Sources */,
				A6B4847E2817CF9D003EDFFC /* UIScrollView+LWZRefreshAdditions.m in Sources */,
				A66AFE01277734170024BBC9 /* LWZImageView.m in Sources */,
				6003F5A7195388D20070C39A /* LWZViewController.m in Sources */,
				A66AFE11277734170024BBC9 /* WLCollectionPostImageLayoutCell.m in Sources */,
				A66AFDEF277734170024BBC9 /* TLTemplateLayoutViewController.m in Sources */,
				A66AFE14277734170024BBC9 /* WLCollectionPostItem.m in Sources */,
				A66AFDFC277734170024BBC9 /* RLModel.m in Sources */,
				A66AFE00277734170024BBC9 /* LWZTextLayoutSize.m in Sources */,
				A66AFE1A277734170024BBC9 /* WLCollectionSectionHeaderFooter.m in Sources */,
				A66AFDFF277734170024BBC9 /* RLRestrictedLayoutViewController.m in Sources */,
				A66AFE09277734170024BBC9 /* LLListLayoutViewController.m in Sources */,
				A66AFE13277734170024BBC9 /* WLCollectionUserCell.m in Sources */,
				A66AFE0D277734170024BBC9 /* WLCollectionPostVideoLayoutCell.m in Sources */,
				A66AFE17277734170024BBC9 /* WLModelProvider.m in Sources */,
				A66AFDF7277734170024BBC9 /* WFWaterfallFlowLayoutViewController.m in Sources */,
				A66AFE0B277734170024BBC9 /* CLCollectionProvider.m in Sources */,
				A66AFE06277734170024BBC9 /* MLMultipleLayoutViewController.m in Sources */,
				A66AFE04277734170024BBC9 /* MLModelProvider.m in Sources */,
				A66AFDF2277734170024BBC9 /* WFLCollectionItem.m in Sources */,
				6003F59A195388D20070C39A /* main.m in Sources */,
				A66AFDFE277734170024BBC9 /* RLModelProvider.m in Sources */,
				A66AFDF4277734170024BBC9 /* WFLModel.m in Sources */,
			);
			runOnlyForDeploymentPostprocessing = 0;
		};
		6003F5AA195388D20070C39A /* Sources */ = {
			isa = PBXSourcesBuildPhase;
			buildActionMask = 2147483647;
			files = (
				6003F5BC195388D20070C39A /* Tests.m in Sources */,
			);
			runOnlyForDeploymentPostprocessing = 0;
		};
/* End PBXSourcesBuildPhase section */

/* Begin PBXTargetDependency section */
		6003F5B4195388D20070C39A /* PBXTargetDependency */ = {
			isa = PBXTargetDependency;
			target = 6003F589195388D20070C39A /* LWZComponents_Example */;
			targetProxy = 6003F5B3195388D20070C39A /* PBXContainerItemProxy */;
		};
/* End PBXTargetDependency section */

/* Begin PBXVariantGroup section */
		6003F596195388D20070C39A /* InfoPlist.strings */ = {
			isa = PBXVariantGroup;
			children = (
				6003F597195388D20070C39A /* en */,
			);
			name = InfoPlist.strings;
			sourceTree = "<group>";
		};
		6003F5B8195388D20070C39A /* InfoPlist.strings */ = {
			isa = PBXVariantGroup;
			children = (
				6003F5B9195388D20070C39A /* en */,
			);
			name = InfoPlist.strings;
			sourceTree = "<group>";
		};
		71719F9D1E33DC2100824A3D /* LaunchScreen.storyboard */ = {
			isa = PBXVariantGroup;
			children = (
				71719F9E1E33DC2100824A3D /* Base */,
			);
			name = LaunchScreen.storyboard;
			sourceTree = "<group>";
		};
/* End PBXVariantGroup section */

/* Begin XCBuildConfiguration section */
		6003F5BD195388D20070C39A /* Debug */ = {
			isa = XCBuildConfiguration;
			buildSettings = {
				ALWAYS_SEARCH_USER_PATHS = NO;
				CLANG_CXX_LANGUAGE_STANDARD = "gnu++0x";
				CLANG_CXX_LIBRARY = "libc++";
				CLANG_ENABLE_MODULES = YES;
				CLANG_ENABLE_OBJC_ARC = YES;
				CLANG_WARN_BOOL_CONVERSION = YES;
				CLANG_WARN_CONSTANT_CONVERSION = YES;
				CLANG_WARN_DIRECT_OBJC_ISA_USAGE = YES_ERROR;
				CLANG_WARN_EMPTY_BODY = YES;
				CLANG_WARN_ENUM_CONVERSION = YES;
				CLANG_WARN_INT_CONVERSION = YES;
				CLANG_WARN_OBJC_ROOT_CLASS = YES_ERROR;
				CLANG_WARN__DUPLICATE_METHOD_MATCH = YES;
				"CODE_SIGN_IDENTITY[sdk=iphoneos*]" = "iPhone Developer";
				COPY_PHASE_STRIP = NO;
				ENABLE_TESTABILITY = YES;
				GCC_C_LANGUAGE_STANDARD = gnu99;
				GCC_DYNAMIC_NO_PIC = NO;
				GCC_OPTIMIZATION_LEVEL = 0;
				GCC_PREPROCESSOR_DEFINITIONS = (
					"DEBUG=1",
					"$(inherited)",
				);
				GCC_SYMBOLS_PRIVATE_EXTERN = NO;
				GCC_WARN_64_TO_32_BIT_CONVERSION = YES;
				GCC_WARN_ABOUT_RETURN_TYPE = YES_ERROR;
				GCC_WARN_UNDECLARED_SELECTOR = YES;
				GCC_WARN_UNINITIALIZED_AUTOS = YES_AGGRESSIVE;
				GCC_WARN_UNUSED_FUNCTION = YES;
				GCC_WARN_UNUSED_VARIABLE = YES;
				IPHONEOS_DEPLOYMENT_TARGET = 9.3;
				ONLY_ACTIVE_ARCH = YES;
				SDKROOT = iphoneos;
				TARGETED_DEVICE_FAMILY = "1,2";
			};
			name = Debug;
		};
		6003F5BE195388D20070C39A /* Release */ = {
			isa = XCBuildConfiguration;
			buildSettings = {
				ALWAYS_SEARCH_USER_PATHS = NO;
				CLANG_CXX_LANGUAGE_STANDARD = "gnu++0x";
				CLANG_CXX_LIBRARY = "libc++";
				CLANG_ENABLE_MODULES = YES;
				CLANG_ENABLE_OBJC_ARC = YES;
				CLANG_WARN_BOOL_CONVERSION = YES;
				CLANG_WARN_CONSTANT_CONVERSION = YES;
				CLANG_WARN_DIRECT_OBJC_ISA_USAGE = YES_ERROR;
				CLANG_WARN_EMPTY_BODY = YES;
				CLANG_WARN_ENUM_CONVERSION = YES;
				CLANG_WARN_INT_CONVERSION = YES;
				CLANG_WARN_OBJC_ROOT_CLASS = YES_ERROR;
				CLANG_WARN__DUPLICATE_METHOD_MATCH = YES;
				"CODE_SIGN_IDENTITY[sdk=iphoneos*]" = "iPhone Developer";
				COPY_PHASE_STRIP = YES;
				ENABLE_NS_ASSERTIONS = NO;
				GCC_C_LANGUAGE_STANDARD = gnu99;
				GCC_WARN_64_TO_32_BIT_CONVERSION = YES;
				GCC_WARN_ABOUT_RETURN_TYPE = YES_ERROR;
				GCC_WARN_UNDECLARED_SELECTOR = YES;
				GCC_WARN_UNINITIALIZED_AUTOS = YES_AGGRESSIVE;
				GCC_WARN_UNUSED_FUNCTION = YES;
				GCC_WARN_UNUSED_VARIABLE = YES;
				IPHONEOS_DEPLOYMENT_TARGET = 9.3;
				SDKROOT = iphoneos;
				TARGETED_DEVICE_FAMILY = "1,2";
				VALIDATE_PRODUCT = YES;
			};
			name = Release;
		};
		6003F5C0195388D20070C39A /* Debug */ = {
			isa = XCBuildConfiguration;
			baseConfigurationReference = 14A00C00CD2642970C780976 /* Pods-LWZComponents_Example.debug.xcconfig */;
			buildSettings = {
				ASSETCATALOG_COMPILER_APPICON_NAME = AppIcon;
				DEVELOPMENT_TEAM = DVCY355DY9;
				GCC_PRECOMPILE_PREFIX_HEADER = YES;
				GCC_PREFIX_HEADER = "LWZComponents/LWZComponents-Prefix.pch";
				INFOPLIST_FILE = "LWZComponents/LWZComponents-Info.plist";
				MODULE_NAME = ExampleApp;
				PRODUCT_BUNDLE_IDENTIFIER = "org.cocoapods.demo.${PRODUCT_NAME:rfc1034identifier}";
				PRODUCT_NAME = "$(TARGET_NAME)";
				SWIFT_VERSION = 4.0;
				WRAPPER_EXTENSION = app;
			};
			name = Debug;
		};
		6003F5C1195388D20070C39A /* Release */ = {
			isa = XCBuildConfiguration;
			baseConfigurationReference = 03654E61B4F2BE1A4EBA8EE6 /* Pods-LWZComponents_Example.release.xcconfig */;
			buildSettings = {
				ASSETCATALOG_COMPILER_APPICON_NAME = AppIcon;
				DEVELOPMENT_TEAM = DVCY355DY9;
				GCC_PRECOMPILE_PREFIX_HEADER = YES;
				GCC_PREFIX_HEADER = "LWZComponents/LWZComponents-Prefix.pch";
				INFOPLIST_FILE = "LWZComponents/LWZComponents-Info.plist";
				MODULE_NAME = ExampleApp;
				PRODUCT_BUNDLE_IDENTIFIER = "org.cocoapods.demo.${PRODUCT_NAME:rfc1034identifier}";
				PRODUCT_NAME = "$(TARGET_NAME)";
				SWIFT_VERSION = 4.0;
				WRAPPER_EXTENSION = app;
			};
			name = Release;
		};
		6003F5C3195388D20070C39A /* Debug */ = {
			isa = XCBuildConfiguration;
			baseConfigurationReference = FC3B915387BE1F2E1D3F8404 /* Pods-LWZComponents_Tests.debug.xcconfig */;
			buildSettings = {
				BUNDLE_LOADER = "$(TEST_HOST)";
				FRAMEWORK_SEARCH_PATHS = (
					"$(PLATFORM_DIR)/Developer/Library/Frameworks",
					"$(inherited)",
					"$(DEVELOPER_FRAMEWORKS_DIR)",
				);
				GCC_PRECOMPILE_PREFIX_HEADER = YES;
				GCC_PREFIX_HEADER = "Tests/Tests-Prefix.pch";
				GCC_PREPROCESSOR_DEFINITIONS = (
					"DEBUG=1",
					"$(inherited)",
				);
				INFOPLIST_FILE = "Tests/Tests-Info.plist";
				PRODUCT_BUNDLE_IDENTIFIER = "org.cocoapods.demo.${PRODUCT_NAME:rfc1034identifier}";
				PRODUCT_NAME = "$(TARGET_NAME)";
				SWIFT_VERSION = 4.0;
				TEST_HOST = "$(BUILT_PRODUCTS_DIR)/LWZComponents_Example.app/LWZComponents_Example";
				WRAPPER_EXTENSION = xctest;
			};
			name = Debug;
		};
		6003F5C4195388D20070C39A /* Release */ = {
			isa = XCBuildConfiguration;
			baseConfigurationReference = 111A7FA169DD6AA83FBFB94B /* Pods-LWZComponents_Tests.release.xcconfig */;
			buildSettings = {
				BUNDLE_LOADER = "$(TEST_HOST)";
				FRAMEWORK_SEARCH_PATHS = (
					"$(PLATFORM_DIR)/Developer/Library/Frameworks",
					"$(inherited)",
					"$(DEVELOPER_FRAMEWORKS_DIR)",
				);
				GCC_PRECOMPILE_PREFIX_HEADER = YES;
				GCC_PREFIX_HEADER = "Tests/Tests-Prefix.pch";
				INFOPLIST_FILE = "Tests/Tests-Info.plist";
				PRODUCT_BUNDLE_IDENTIFIER = "org.cocoapods.demo.${PRODUCT_NAME:rfc1034identifier}";
				PRODUCT_NAME = "$(TARGET_NAME)";
				SWIFT_VERSION = 4.0;
				TEST_HOST = "$(BUILT_PRODUCTS_DIR)/LWZComponents_Example.app/LWZComponents_Example";
				WRAPPER_EXTENSION = xctest;
			};
			name = Release;
		};
/* End XCBuildConfiguration section */

/* Begin XCConfigurationList section */
		6003F585195388D10070C39A /* Build configuration list for PBXProject "LWZComponents" */ = {
			isa = XCConfigurationList;
			buildConfigurations = (
				6003F5BD195388D20070C39A /* Debug */,
				6003F5BE195388D20070C39A /* Release */,
			);
			defaultConfigurationIsVisible = 0;
			defaultConfigurationName = Release;
		};
		6003F5BF195388D20070C39A /* Build configuration list for PBXNativeTarget "LWZComponents_Example" */ = {
			isa = XCConfigurationList;
			buildConfigurations = (
				6003F5C0195388D20070C39A /* Debug */,
				6003F5C1195388D20070C39A /* Release */,
			);
			defaultConfigurationIsVisible = 0;
			defaultConfigurationName = Release;
		};
		6003F5C2195388D20070C39A /* Build configuration list for PBXNativeTarget "LWZComponents_Tests" */ = {
			isa = XCConfigurationList;
			buildConfigurations = (
				6003F5C3195388D20070C39A /* Debug */,
				6003F5C4195388D20070C39A /* Release */,
			);
			defaultConfigurationIsVisible = 0;
			defaultConfigurationName = Release;
		};
/* End XCConfigurationList section */
	};
	rootObject = 6003F582195388D10070C39A /* Project object */;
}
