PODS:
  - LWZComponents (1.0.2):
    - LWZComponents/LWZCollectionViewComponents (= 1.0.2)
  - LWZComponents/LWZCollectionViewComponents (1.0.2)
  - Masonry (1.1.0)
  - MJRefresh (3.7.5)
  - SJUIKit/AttributesFactory (0.0.0.58):
    - SJUIKit/AttributesFactory/Deprecated (= 0.0.0.58)
    - SJUIKit/AttributesFactory/UIKitText (= 0.0.0.58)
  - SJUIKit/AttributesFactory/Deprecated (0.0.0.58)
  - SJUIKit/AttributesFactory/UIKitText (0.0.0.58)
  - YYModel (1.0.4)

DEPENDENCIES:
  - LWZComponents (from `../`)
  - Masonry
  - MJRefresh
  - SJUIKit/AttributesFactory
  - YYModel

SPEC REPOS:
  trunk:
    - Masonry
    - MJRefresh
    - SJUIKit
    - YYModel

EXTERNAL SOURCES:
  LWZComponents:
    :path: "../"

SPEC CHECKSUMS:
  LWZComponents: dbdb71a6d6c4543ffb693361ccb949e8501a4965
  Masonry: 678fab65091a9290e40e2832a55e7ab731aad201
  MJRefresh: fdf5e979eb406a0341468932d1dfc8b7f9fce961
  SJUIKit: 86d5b16f8b8b17274ef8805acf965e4014629e15
  YYModel: 2a7fdd96aaa4b86a824e26d0c517de8928c04b30

PODFILE CHECKSUM: 3751d0cf69624e3727f9e1a153fc45aad1122576

COCOAPODS: 1.11.3
